{
  "name": "trpc",
  "version": "1.0.0",
  "lockfileVersion": 3,
  "requires": true,
  "packages": {
    "": {
      "name": "trpc",
      "version": "1.0.0",
      "license": "ISC",
      "dependencies": {
        "@trpc/client": "^11.0.0-rc.403",
        "@trpc/server": "^11.0.0-rc.403",
        "zod": "^3.23.8"
      }
    },
    "node_modules/@trpc/client": {
      "version": "11.0.0-rc.403",
      "resolved": "https://registry.npmjs.org/@trpc/client/-/client-11.0.0-rc.403.tgz",
      "integrity": "sha512-4Elc4/PQI1H2Mpt3VWVINtYI8HhuPkvu/xowGDlHhYemmuvR3OqnE4H3I1XiPS9EXDOT397VadTJ5eGhQIZxPA==",
      "funding": [
        "https://trpc.io/sponsor"
      ],
      "license": "MIT",
      "peerDependencies": {
        "@trpc/server": "11.0.0-rc.403+ab71a1be6"
      }
    },
    "node_modules/@trpc/server": {
      "version": "11.0.0-rc.403",
      "resolved": "https://registry.npmjs.org/@trpc/server/-/server-11.0.0-rc.403.tgz",
      "integrity": "sha512-DIt0GijW3nzq3zk9rFw1Ly/b6E9eTcsKV+caOMSeJl6A7Pby8QpdKaN8yJZDHhEojULeIVFNE4Izals5T0fQgg==",
      "funding": [
        "https://trpc.io/sponsor"
      ],
      "license": "MIT"
    },
    "node_modules/zod": {
      "version": "3.23.8",
      "resolved": "https://registry.npmjs.org/zod/-/zod-3.23.8.tgz",
      "integrity": "sha512-XBx9AXhXktjUqnepgTiE5flcKIYWi/rme0Eaj+5Y0lftuGBq+jyRu/md4WnuxqgP1ubdpNCsYEYPxrzVHD8d6g==",
      "license": "MIT",
      "funding": {
        "url": "https://github.com/sponsors/colinhacks"
      }
    }
  }
}
